PODS:
  - Flutter (1.0.0)
  - geocoding (1.0.3):
    - Flutter
  - "geolocator (6.0.0+4)":
    - Flutter
  - package_info (0.0.1):
    - Flutter
  - url_launcher (0.0.1):
    - Flutter

DEPENDENCIES:
  - Flutter (from `Flutter`)
  - geocoding (from `.symlinks/plugins/geocoding/ios`)
  - geolocator (from `.symlinks/plugins/geolocator/ios`)
  - package_info (from `.symlinks/plugins/package_info/ios`)
  - url_launcher (from `.symlinks/plugins/url_launcher/ios`)

EXTERNAL SOURCES:
  Flutter:
    :path: Flutter
  geocoding:
    :path: ".symlinks/plugins/geocoding/ios"
  geolocator:
    :path: ".symlinks/plugins/geolocator/ios"
  package_info:
    :path: ".symlinks/plugins/package_info/ios"
  url_launcher:
    :path: ".symlinks/plugins/url_launcher/ios"

SPEC CHECKSUMS:
  Flutter: 0e3d915762c693b495b44d77113d4970485de6ec
  geocoding: ba2dc798e5d24ea68a3ff47cccee2590b7f06345
  geolocator: 1ae40084cc6c1586ce5ad12cfc3fd38c64d05f2f
  package_info: 873975fc26034f0b863a300ad47e7f1ac6c7ec62
  url_launcher: 6fef411d543ceb26efce54b05a0a40bfd74cbbef

PODFILE CHECKSUM: aafe91acc616949ddb318b77800a7f51bffa2a4c

COCOAPODS: 1.9.3
